
Microsoft Visual Studio Solution File, Format Version 12.00
# Visual Studio Version 17
VisualStudioVersion = 17.7.34024.191
MinimumVisualStudioVersion = 10.0.40219.1
Project("{9A19103F-16F7-4668-BE54-9A1E7A4F7556}") = "Chat", "Chat\Chat.csproj", "{1C101899-8F54-42F9-82C1-E54F770F09CD}"
EndProject
Project("{9A19103F-16F7-4668-BE54-9A1E7A4F7556}") = "DAL", "DAL\DAL.csproj", "{C961339B-C9D7-4EE4-BB66-942500082E14}"
EndProject
Project("{9A19103F-16F7-4668-BE54-9A1E7A4F7556}") = "BLL", "BLL\BLL.csproj", "{0B979353-F6D6-451F-9EDC-C0003DE61EAA}"
EndProject
Project("{FAE04EC0-301F-11D3-BF4B-00C04F79EFBC}") = "Tests", "Tests\Tests.csproj", "{9943EF64-E58E-4F2D-AF06-60FAE4032604}"
EndProject
Global
	GlobalSection(SolutionConfigurationPlatforms) = preSolution
		Debug|Any CPU = Debug|Any CPU
		Release|Any CPU = Release|Any CPU
	EndGlobalSection
	GlobalSection(ProjectConfigurationPlatforms) = postSolution
		{1C101899-8F54-42F9-82C1-E54F770F09CD}.Debug|Any CPU.ActiveCfg = Debug|Any CPU
		{1C101899-8F54-42F9-82C1-E54F770F09CD}.Debug|Any CPU.Build.0 = Debug|Any CPU
		{1C101899-8F54-42F9-82C1-E54F770F09CD}.Release|Any CPU.ActiveCfg = Release|Any CPU
		{1C101899-8F54-42F9-82C1-E54F770F09CD}.Release|Any CPU.Build.0 = Release|Any CPU
		{C961339B-C9D7-4EE4-BB66-942500082E14}.Debug|Any CPU.ActiveCfg = Debug|Any CPU
		{C961339B-C9D7-4EE4-BB66-942500082E14}.Debug|Any CPU.Build.0 = Debug|Any CPU
		{C961339B-C9D7-4EE4-BB66-942500082E14}.Release|Any CPU.ActiveCfg = Release|Any CPU
		{C961339B-C9D7-4EE4-BB66-942500082E14}.Release|Any CPU.Build.0 = Release|Any CPU
		{0B979353-F6D6-451F-9EDC-C0003DE61EAA}.Debug|Any CPU.ActiveCfg = Debug|Any CPU
		{0B979353-F6D6-451F-9EDC-C0003DE61EAA}.Debug|Any CPU.Build.0 = Debug|Any CPU
		{0B979353-F6D6-451F-9EDC-C0003DE61EAA}.Release|Any CPU.ActiveCfg = Release|Any CPU
		{0B979353-F6D6-451F-9EDC-C0003DE61EAA}.Release|Any CPU.Build.0 = Release|Any CPU
		{9943EF64-E58E-4F2D-AF06-60FAE4032604}.Debug|Any CPU.ActiveCfg = Debug|Any CPU
		{9943EF64-E58E-4F2D-AF06-60FAE4032604}.Debug|Any CPU.Build.0 = Debug|Any CPU
		{9943EF64-E58E-4F2D-AF06-60FAE4032604}.Release|Any CPU.ActiveCfg = Release|Any CPU
		{9943EF64-E58E-4F2D-AF06-60FAE4032604}.Release|Any CPU.Build.0 = Release|Any CPU
	EndGlobalSection
	GlobalSection(SolutionProperties) = preSolution
		HideSolutionNode = FALSE
	EndGlobalSection
	GlobalSection(ExtensibilityGlobals) = postSolution
		SolutionGuid = {3922783A-F5BE-4D29-B084-EB3B0A1E1B00}
	EndGlobalSection
EndGlobal
